
Microsoft Visual Studio Solution File, Format Version 12.00
# Visual Studio Version 17
VisualStudioVersion = 17.9.34728.123
MinimumVisualStudioVersion = 10.0.40219.1
Project("{FAE04EC0-301F-11D3-BF4B-00C04F79EFBC}") = "Personel Takip Otomasyonu", "Personel Takip Otomasyonu\Personel Takip Otomasyonu.csproj", "{81C928DF-2844-4928-8305-CA7C635B7D94}"
EndProject
Global
	GlobalSection(SolutionConfigurationPlatforms) = preSolution
		Debug|Any CPU = Debug|Any CPU
		Release|Any CPU = Release|Any CPU
	EndGlobalSection
	GlobalSection(ProjectConfigurationPlatforms) = postSolution
		{81C928DF-2844-4928-8305-CA7C635B7D94}.Debug|Any CPU.ActiveCfg = Debug|Any CPU
		{81C928DF-2844-4928-8305-CA7C635B7D94}.Debug|Any CPU.Build.0 = Debug|Any CPU
		{81C928DF-2844-4928-8305-CA7C635B7D94}.Release|Any CPU.ActiveCfg = Release|Any CPU
		{81C928DF-2844-4928-8305-CA7C635B7D94}.Release|Any CPU.Build.0 = Release|Any CPU
	EndGlobalSection
	GlobalSection(SolutionProperties) = preSolution
		HideSolutionNode = FALSE
	EndGlobalSection
	GlobalSection(ExtensibilityGlobals) = postSolution
		SolutionGuid = {AAFD3E65-7636-4639-A5B8-AA35AA8FBA99}
	EndGlobalSection
EndGlobal
